
Microsoft Visual Studio Solution File, Format Version 12.00
# Visual Studio 15
VisualStudioVersion = 15.0.26124.0
MinimumVisualStudioVersion = 15.0.26124.0
Project("{2150E333-8FDC-42A3-9474-1A3956D46DE8}") = "src", "src", "{9FEA40B8-889F-4AA9-B1B2-B2015BDF5590}"
EndProject
Project("{FAE04EC0-301F-11D3-BF4B-00C04F79EFBC}") = "SyncHR.Demo.Api", "src\SyncHR.Demo.Api\SyncHR.Demo.Api.csproj", "{F02356CE-68BB-4503-8183-12FBA370555C}"
EndProject
Project("{FAE04EC0-301F-11D3-BF4B-00C04F79EFBC}") = "SyncHR.Demo.DataAccess", "src\SyncHR.Demo.DataAccess\SyncHR.Demo.DataAccess.csproj", "{132EE0C7-6B4F-4C80-B6B7-973B7C794B48}"
EndProject
Project("{FAE04EC0-301F-11D3-BF4B-00C04F79EFBC}") = "SyncHR.Demo.API.Models", "src\SyncHR.Demo.API.Models\SyncHR.Demo.API.Models.csproj", "{FC8513FF-7CF3-41D0-8E73-E34B105FCA97}"
EndProject
Global
	GlobalSection(SolutionConfigurationPlatforms) = preSolution
		Debug|Any CPU = Debug|Any CPU
		Debug|x64 = Debug|x64
		Debug|x86 = Debug|x86
		Release|Any CPU = Release|Any CPU
		Release|x64 = Release|x64
		Release|x86 = Release|x86
	EndGlobalSection
	GlobalSection(SolutionProperties) = preSolution
		HideSolutionNode = FALSE
	EndGlobalSection
	GlobalSection(ProjectConfigurationPlatforms) = postSolution
		{F02356CE-68BB-4503-8183-12FBA370555C}.Debug|Any CPU.ActiveCfg = Debug|Any CPU
		{F02356CE-68BB-4503-8183-12FBA370555C}.Debug|Any CPU.Build.0 = Debug|Any CPU
		{F02356CE-68BB-4503-8183-12FBA370555C}.Debug|x64.ActiveCfg = Debug|Any CPU
		{F02356CE-68BB-4503-8183-12FBA370555C}.Debug|x64.Build.0 = Debug|Any CPU
		{F02356CE-68BB-4503-8183-12FBA370555C}.Debug|x86.ActiveCfg = Debug|Any CPU
		{F02356CE-68BB-4503-8183-12FBA370555C}.Debug|x86.Build.0 = Debug|Any CPU
		{F02356CE-68BB-4503-8183-12FBA370555C}.Release|Any CPU.ActiveCfg = Release|Any CPU
		{F02356CE-68BB-4503-8183-12FBA370555C}.Release|Any CPU.Build.0 = Release|Any CPU
		{F02356CE-68BB-4503-8183-12FBA370555C}.Release|x64.ActiveCfg = Release|Any CPU
		{F02356CE-68BB-4503-8183-12FBA370555C}.Release|x64.Build.0 = Release|Any CPU
		{F02356CE-68BB-4503-8183-12FBA370555C}.Release|x86.ActiveCfg = Release|Any CPU
		{F02356CE-68BB-4503-8183-12FBA370555C}.Release|x86.Build.0 = Release|Any CPU
		{132EE0C7-6B4F-4C80-B6B7-973B7C794B48}.Debug|Any CPU.ActiveCfg = Debug|Any CPU
		{132EE0C7-6B4F-4C80-B6B7-973B7C794B48}.Debug|Any CPU.Build.0 = Debug|Any CPU
		{132EE0C7-6B4F-4C80-B6B7-973B7C794B48}.Debug|x64.ActiveCfg = Debug|Any CPU
		{132EE0C7-6B4F-4C80-B6B7-973B7C794B48}.Debug|x64.Build.0 = Debug|Any CPU
		{132EE0C7-6B4F-4C80-B6B7-973B7C794B48}.Debug|x86.ActiveCfg = Debug|Any CPU
		{132EE0C7-6B4F-4C80-B6B7-973B7C794B48}.Debug|x86.Build.0 = Debug|Any CPU
		{132EE0C7-6B4F-4C80-B6B7-973B7C794B48}.Release|Any CPU.ActiveCfg = Release|Any CPU
		{132EE0C7-6B4F-4C80-B6B7-973B7C794B48}.Release|Any CPU.Build.0 = Release|Any CPU
		{132EE0C7-6B4F-4C80-B6B7-973B7C794B48}.Release|x64.ActiveCfg = Release|Any CPU
		{132EE0C7-6B4F-4C80-B6B7-973B7C794B48}.Release|x64.Build.0 = Release|Any CPU
		{132EE0C7-6B4F-4C80-B6B7-973B7C794B48}.Release|x86.ActiveCfg = Release|Any CPU
		{132EE0C7-6B4F-4C80-B6B7-973B7C794B48}.Release|x86.Build.0 = Release|Any CPU
		{FC8513FF-7CF3-41D0-8E73-E34B105FCA97}.Debug|Any CPU.ActiveCfg = Debug|Any CPU
		{FC8513FF-7CF3-41D0-8E73-E34B105FCA97}.Debug|Any CPU.Build.0 = Debug|Any CPU
		{FC8513FF-7CF3-41D0-8E73-E34B105FCA97}.Debug|x64.ActiveCfg = Debug|Any CPU
		{FC8513FF-7CF3-41D0-8E73-E34B105FCA97}.Debug|x64.Build.0 = Debug|Any CPU
		{FC8513FF-7CF3-41D0-8E73-E34B105FCA97}.Debug|x86.ActiveCfg = Debug|Any CPU
		{FC8513FF-7CF3-41D0-8E73-E34B105FCA97}.Debug|x86.Build.0 = Debug|Any CPU
		{FC8513FF-7CF3-41D0-8E73-E34B105FCA97}.Release|Any CPU.ActiveCfg = Release|Any CPU
		{FC8513FF-7CF3-41D0-8E73-E34B105FCA97}.Release|Any CPU.Build.0 = Release|Any CPU
		{FC8513FF-7CF3-41D0-8E73-E34B105FCA97}.Release|x64.ActiveCfg = Release|Any CPU
		{FC8513FF-7CF3-41D0-8E73-E34B105FCA97}.Release|x64.Build.0 = Release|Any CPU
		{FC8513FF-7CF3-41D0-8E73-E34B105FCA97}.Release|x86.ActiveCfg = Release|Any CPU
		{FC8513FF-7CF3-41D0-8E73-E34B105FCA97}.Release|x86.Build.0 = Release|Any CPU
	EndGlobalSection
	GlobalSection(NestedProjects) = preSolution
		{F02356CE-68BB-4503-8183-12FBA370555C} = {9FEA40B8-889F-4AA9-B1B2-B2015BDF5590}
		{132EE0C7-6B4F-4C80-B6B7-973B7C794B48} = {9FEA40B8-889F-4AA9-B1B2-B2015BDF5590}
		{FC8513FF-7CF3-41D0-8E73-E34B105FCA97} = {9FEA40B8-889F-4AA9-B1B2-B2015BDF5590}
	EndGlobalSection
EndGlobal
